
Microsoft Visual Studio Solution File, Format Version 12.00
# Visual Studio Version 16
VisualStudioVersion = 16.0.31702.278
MinimumVisualStudioVersion = 10.0.40219.1
Project("{8BC9CEB8-8B4A-11D0-8D11-00A0C91BC942}") = "D2MapApi.DllWrapper", "D2MapApi.DllWrapper\D2MapApi.DllWrapper.vcxproj", "{016346A9-C02E-4AF2-BF0F-6C4593B43352}"
EndProject
Project("{FAE04EC0-301F-11D3-BF4B-00C04F79EFBC}") = "D2MapApi.Core", "D2MapApi.Core\D2MapApi.Core.csproj", "{662A9A5B-E110-446C-A300-F732BF6871E9}"
EndProject
Project("{FAE04EC0-301F-11D3-BF4B-00C04F79EFBC}") = "D2MapApi.Server.Rest", "D2MapApi.Server.Rest\D2MapApi.Server.Rest.csproj", "{3BD13340-4C26-414B-91AB-5978AA369DD2}"
EndProject
Project("{FAE04EC0-301F-11D3-BF4B-00C04F79EFBC}") = "D2MapApi.Server.Grpc", "D2MapApi.Server.Grpc\D2MapApi.Server.Grpc.csproj", "{91C6F1A5-BB94-4041-8632-87549872314D}"
EndProject
Project("{FAE04EC0-301F-11D3-BF4B-00C04F79EFBC}") = "D2MapApi.Server.Grpc.Protos", "D2MapApi.Server.Grpc.Protos\D2MapApi.Server.Grpc.Protos.csproj", "{652A0110-2AE4-4640-8765-9A5C5BCE87D9}"
EndProject
Project("{FAE04EC0-301F-11D3-BF4B-00C04F79EFBC}") = "D2MapApi.Common", "D2MapApi.Common\D2MapApi.Common.csproj", "{84D9B59A-1854-4977-AFA4-31DD96115146}"
EndProject
Project("{FAE04EC0-301F-11D3-BF4B-00C04F79EFBC}") = "D2MapApi.Client.CLI.Grpc", "D2MapApi.Client.CLI.Grpc\D2MapApi.Client.CLI.Grpc.csproj", "{FCFF9ED7-F73D-432D-B1D6-F758B7E8E8BC}"
EndProject
Project("{2150E333-8FDC-42A3-9474-1A3956D46DE8}") = "API", "API", "{413BA455-776E-43D9-A8F2-53D02965AD80}"
EndProject
Project("{2150E333-8FDC-42A3-9474-1A3956D46DE8}") = "gRPC", "gRPC", "{9EEF8132-CCA0-4459-9193-3A20C292C635}"
EndProject
Project("{2150E333-8FDC-42A3-9474-1A3956D46DE8}") = "REST", "REST", "{A5DF893C-3E6F-408F-B064-9A80232A9760}"
EndProject
Global
	GlobalSection(SolutionConfigurationPlatforms) = preSolution
		Debug|x86 = Debug|x86
		Release|x86 = Release|x86
	EndGlobalSection
	GlobalSection(ProjectConfigurationPlatforms) = postSolution
		{016346A9-C02E-4AF2-BF0F-6C4593B43352}.Debug|x86.ActiveCfg = Debug|Win32
		{016346A9-C02E-4AF2-BF0F-6C4593B43352}.Debug|x86.Build.0 = Debug|Win32
		{016346A9-C02E-4AF2-BF0F-6C4593B43352}.Release|x86.ActiveCfg = Release|Win32
		{016346A9-C02E-4AF2-BF0F-6C4593B43352}.Release|x86.Build.0 = Release|Win32
		{662A9A5B-E110-446C-A300-F732BF6871E9}.Debug|x86.ActiveCfg = Debug|Any CPU
		{662A9A5B-E110-446C-A300-F732BF6871E9}.Debug|x86.Build.0 = Debug|Any CPU
		{662A9A5B-E110-446C-A300-F732BF6871E9}.Release|x86.ActiveCfg = Release|Any CPU
		{662A9A5B-E110-446C-A300-F732BF6871E9}.Release|x86.Build.0 = Release|Any CPU
		{3BD13340-4C26-414B-91AB-5978AA369DD2}.Debug|x86.ActiveCfg = Debug|Any CPU
		{3BD13340-4C26-414B-91AB-5978AA369DD2}.Debug|x86.Build.0 = Debug|Any CPU
		{3BD13340-4C26-414B-91AB-5978AA369DD2}.Release|x86.ActiveCfg = Release|Any CPU
		{3BD13340-4C26-414B-91AB-5978AA369DD2}.Release|x86.Build.0 = Release|Any CPU
		{91C6F1A5-BB94-4041-8632-87549872314D}.Debug|x86.ActiveCfg = Debug|Any CPU
		{91C6F1A5-BB94-4041-8632-87549872314D}.Debug|x86.Build.0 = Debug|Any CPU
		{91C6F1A5-BB94-4041-8632-87549872314D}.Release|x86.ActiveCfg = Release|Any CPU
		{91C6F1A5-BB94-4041-8632-87549872314D}.Release|x86.Build.0 = Release|Any CPU
		{652A0110-2AE4-4640-8765-9A5C5BCE87D9}.Debug|x86.ActiveCfg = Debug|Any CPU
		{652A0110-2AE4-4640-8765-9A5C5BCE87D9}.Debug|x86.Build.0 = Debug|Any CPU
		{652A0110-2AE4-4640-8765-9A5C5BCE87D9}.Release|x86.ActiveCfg = Release|Any CPU
		{652A0110-2AE4-4640-8765-9A5C5BCE87D9}.Release|x86.Build.0 = Release|Any CPU
		{84D9B59A-1854-4977-AFA4-31DD96115146}.Debug|x86.ActiveCfg = Debug|Any CPU
		{84D9B59A-1854-4977-AFA4-31DD96115146}.Debug|x86.Build.0 = Debug|Any CPU
		{84D9B59A-1854-4977-AFA4-31DD96115146}.Release|x86.ActiveCfg = Release|Any CPU
		{84D9B59A-1854-4977-AFA4-31DD96115146}.Release|x86.Build.0 = Release|Any CPU
		{FCFF9ED7-F73D-432D-B1D6-F758B7E8E8BC}.Debug|x86.ActiveCfg = Debug|Any CPU
		{FCFF9ED7-F73D-432D-B1D6-F758B7E8E8BC}.Debug|x86.Build.0 = Debug|Any CPU
		{FCFF9ED7-F73D-432D-B1D6-F758B7E8E8BC}.Release|x86.ActiveCfg = Release|Any CPU
		{FCFF9ED7-F73D-432D-B1D6-F758B7E8E8BC}.Release|x86.Build.0 = Release|Any CPU
	EndGlobalSection
	GlobalSection(SolutionProperties) = preSolution
		HideSolutionNode = FALSE
	EndGlobalSection
	GlobalSection(ExtensibilityGlobals) = postSolution
		SolutionGuid = {349C633E-A4AC-44D4-AE1B-B2B671722D09}
	EndGlobalSection
	GlobalSection(NestedProjects) = preSolution
		{84D9B59A-1854-4977-AFA4-31DD96115146} = {413BA455-776E-43D9-A8F2-53D02965AD80}
		{662A9A5B-E110-446C-A300-F732BF6871E9} = {413BA455-776E-43D9-A8F2-53D02965AD80}
		{016346A9-C02E-4AF2-BF0F-6C4593B43352} = {413BA455-776E-43D9-A8F2-53D02965AD80}
		{FCFF9ED7-F73D-432D-B1D6-F758B7E8E8BC} = {9EEF8132-CCA0-4459-9193-3A20C292C635}
		{91C6F1A5-BB94-4041-8632-87549872314D} = {9EEF8132-CCA0-4459-9193-3A20C292C635}
		{652A0110-2AE4-4640-8765-9A5C5BCE87D9} = {9EEF8132-CCA0-4459-9193-3A20C292C635}
		{3BD13340-4C26-414B-91AB-5978AA369DD2} = {A5DF893C-3E6F-408F-B064-9A80232A9760}
	EndGlobalSection
EndGlobal
